
Microsoft Visual Studio Solution File, Format Version 12.00
# Visual Studio Version 16
VisualStudioVersion = 16.0.30717.126
MinimumVisualStudioVersion = 10.0.40219.1
Project("{FAE04EC0-301F-11D3-BF4B-00C04F79EFBC}") = "login", "login\login.csproj", "{66E4DD1C-078E-4054-A751-E50CAD5447CE}"
EndProject
Global
	GlobalSection(SolutionConfigurationPlatforms) = preSolution
		Debug|Any CPU = Debug|Any CPU
		Release|Any CPU = Release|Any CPU
	EndGlobalSection
	GlobalSection(ProjectConfigurationPlatforms) = postSolution
		{66E4DD1C-078E-4054-A751-E50CAD5447CE}.Debug|Any CPU.ActiveCfg = Debug|Any CPU
		{66E4DD1C-078E-4054-A751-E50CAD5447CE}.Debug|Any CPU.Build.0 = Debug|Any CPU
		{66E4DD1C-078E-4054-A751-E50CAD5447CE}.Release|Any CPU.ActiveCfg = Release|Any CPU
		{66E4DD1C-078E-4054-A751-E50CAD5447CE}.Release|Any CPU.Build.0 = Release|Any CPU
	EndGlobalSection
	GlobalSection(SolutionProperties) = preSolution
		HideSolutionNode = FALSE
	EndGlobalSection
	GlobalSection(ExtensibilityGlobals) = postSolution
		SolutionGuid = {EEFE57BA-C340-4208-9AFF-8E33AA9F106C}
	EndGlobalSection
EndGlobal
